
Microsoft Visual Studio Solution File, Format Version 12.00
# Visual Studio Version 17
VisualStudioVersion = 17.0.31903.59
MinimumVisualStudioVersion = 10.0.40219.1
Project("{2150E333-8FDC-42A3-9474-1A3956D46DE8}") = "src", "src", "{827E0CD3-B72D-47B6-A68D-7590B98EB39B}"
EndProject
Project("{FAE04EC0-301F-11D3-BF4B-00C04F79EFBC}") = "AspireApp.AppHost", "src\AspireApp.AppHost\AspireApp.AppHost.csproj", "{DA812337-4C6E-4EC8-8CB7-C443B09B8433}"
EndProject
Project("{FAE04EC0-301F-11D3-BF4B-00C04F79EFBC}") = "AspireApp.ServiceDefaults", "src\AspireApp.ServiceDefaults\AspireApp.ServiceDefaults.csproj", "{F523B7F9-7858-41D6-896C-F5BDED8646E1}"
EndProject
Project("{2150E333-8FDC-42A3-9474-1A3956D46DE8}") = "Database", "Database", "{76D67ED7-F942-09D1-EB9C-5DD1CD93BD2D}"
EndProject
Project("{FAE04EC0-301F-11D3-BF4B-00C04F79EFBC}") = "Database.EfCore", "src\Database\Database.EfCore\Database.EfCore.csproj", "{8AB73778-46CD-41E5-85C1-18A78C09DBF4}"
EndProject
Project("{2150E333-8FDC-42A3-9474-1A3956D46DE8}") = "SeedData", "SeedData", "{C8204DF7-6F5E-6A9D-18D8-728306621A17}"
EndProject
Project("{FAE04EC0-301F-11D3-BF4B-00C04F79EFBC}") = "SeedData.Generator", "src\SeedData\SeedData.Generator\SeedData.Generator.csproj", "{723D7D7F-AF91-4E48-8460-B1F9E3898B9E}"
EndProject
Project("{FAE04EC0-301F-11D3-BF4B-00C04F79EFBC}") = "Database.SqlProj", "src\Database\Database.SqlProj\Database.SqlProj.csproj", "{24754C05-3D4C-4532-92F4-C5D9EC16FE75}"
EndProject
Project("{FAE04EC0-301F-11D3-BF4B-00C04F79EFBC}") = "AspireApp.Web", "src\AspireApp.Web\AspireApp.Web.csproj", "{30344B18-0428-45C8-86A2-135CBE068171}"
EndProject
Global
	GlobalSection(SolutionConfigurationPlatforms) = preSolution
		Debug|Any CPU = Debug|Any CPU
		Debug|x64 = Debug|x64
		Debug|x86 = Debug|x86
		Release|Any CPU = Release|Any CPU
		Release|x64 = Release|x64
		Release|x86 = Release|x86
	EndGlobalSection
	GlobalSection(ProjectConfigurationPlatforms) = postSolution
		{DA812337-4C6E-4EC8-8CB7-C443B09B8433}.Debug|Any CPU.ActiveCfg = Debug|Any CPU
		{DA812337-4C6E-4EC8-8CB7-C443B09B8433}.Debug|Any CPU.Build.0 = Debug|Any CPU
		{DA812337-4C6E-4EC8-8CB7-C443B09B8433}.Debug|x64.ActiveCfg = Debug|Any CPU
		{DA812337-4C6E-4EC8-8CB7-C443B09B8433}.Debug|x64.Build.0 = Debug|Any CPU
		{DA812337-4C6E-4EC8-8CB7-C443B09B8433}.Debug|x86.ActiveCfg = Debug|Any CPU
		{DA812337-4C6E-4EC8-8CB7-C443B09B8433}.Debug|x86.Build.0 = Debug|Any CPU
		{DA812337-4C6E-4EC8-8CB7-C443B09B8433}.Release|Any CPU.ActiveCfg = Release|Any CPU
		{DA812337-4C6E-4EC8-8CB7-C443B09B8433}.Release|Any CPU.Build.0 = Release|Any CPU
		{DA812337-4C6E-4EC8-8CB7-C443B09B8433}.Release|x64.ActiveCfg = Release|Any CPU
		{DA812337-4C6E-4EC8-8CB7-C443B09B8433}.Release|x64.Build.0 = Release|Any CPU
		{DA812337-4C6E-4EC8-8CB7-C443B09B8433}.Release|x86.ActiveCfg = Release|Any CPU
		{DA812337-4C6E-4EC8-8CB7-C443B09B8433}.Release|x86.Build.0 = Release|Any CPU
		{F523B7F9-7858-41D6-896C-F5BDED8646E1}.Debug|Any CPU.ActiveCfg = Debug|Any CPU
		{F523B7F9-7858-41D6-896C-F5BDED8646E1}.Debug|Any CPU.Build.0 = Debug|Any CPU
		{F523B7F9-7858-41D6-896C-F5BDED8646E1}.Debug|x64.ActiveCfg = Debug|Any CPU
		{F523B7F9-7858-41D6-896C-F5BDED8646E1}.Debug|x64.Build.0 = Debug|Any CPU
		{F523B7F9-7858-41D6-896C-F5BDED8646E1}.Debug|x86.ActiveCfg = Debug|Any CPU
		{F523B7F9-7858-41D6-896C-F5BDED8646E1}.Debug|x86.Build.0 = Debug|Any CPU
		{F523B7F9-7858-41D6-896C-F5BDED8646E1}.Release|Any CPU.ActiveCfg = Release|Any CPU
		{F523B7F9-7858-41D6-896C-F5BDED8646E1}.Release|Any CPU.Build.0 = Release|Any CPU
		{F523B7F9-7858-41D6-896C-F5BDED8646E1}.Release|x64.ActiveCfg = Release|Any CPU
		{F523B7F9-7858-41D6-896C-F5BDED8646E1}.Release|x64.Build.0 = Release|Any CPU
		{F523B7F9-7858-41D6-896C-F5BDED8646E1}.Release|x86.ActiveCfg = Release|Any CPU
		{F523B7F9-7858-41D6-896C-F5BDED8646E1}.Release|x86.Build.0 = Release|Any CPU
		{8AB73778-46CD-41E5-85C1-18A78C09DBF4}.Debug|Any CPU.ActiveCfg = Debug|Any CPU
		{8AB73778-46CD-41E5-85C1-18A78C09DBF4}.Debug|Any CPU.Build.0 = Debug|Any CPU
		{8AB73778-46CD-41E5-85C1-18A78C09DBF4}.Debug|x64.ActiveCfg = Debug|Any CPU
		{8AB73778-46CD-41E5-85C1-18A78C09DBF4}.Debug|x64.Build.0 = Debug|Any CPU
		{8AB73778-46CD-41E5-85C1-18A78C09DBF4}.Debug|x86.ActiveCfg = Debug|Any CPU
		{8AB73778-46CD-41E5-85C1-18A78C09DBF4}.Debug|x86.Build.0 = Debug|Any CPU
		{8AB73778-46CD-41E5-85C1-18A78C09DBF4}.Release|Any CPU.ActiveCfg = Release|Any CPU
		{8AB73778-46CD-41E5-85C1-18A78C09DBF4}.Release|Any CPU.Build.0 = Release|Any CPU
		{8AB73778-46CD-41E5-85C1-18A78C09DBF4}.Release|x64.ActiveCfg = Release|Any CPU
		{8AB73778-46CD-41E5-85C1-18A78C09DBF4}.Release|x64.Build.0 = Release|Any CPU
		{8AB73778-46CD-41E5-85C1-18A78C09DBF4}.Release|x86.ActiveCfg = Release|Any CPU
		{8AB73778-46CD-41E5-85C1-18A78C09DBF4}.Release|x86.Build.0 = Release|Any CPU
		{723D7D7F-AF91-4E48-8460-B1F9E3898B9E}.Debug|Any CPU.ActiveCfg = Debug|Any CPU
		{723D7D7F-AF91-4E48-8460-B1F9E3898B9E}.Debug|Any CPU.Build.0 = Debug|Any CPU
		{723D7D7F-AF91-4E48-8460-B1F9E3898B9E}.Debug|x64.ActiveCfg = Debug|Any CPU
		{723D7D7F-AF91-4E48-8460-B1F9E3898B9E}.Debug|x64.Build.0 = Debug|Any CPU
		{723D7D7F-AF91-4E48-8460-B1F9E3898B9E}.Debug|x86.ActiveCfg = Debug|Any CPU
		{723D7D7F-AF91-4E48-8460-B1F9E3898B9E}.Debug|x86.Build.0 = Debug|Any CPU
		{723D7D7F-AF91-4E48-8460-B1F9E3898B9E}.Release|Any CPU.ActiveCfg = Release|Any CPU
		{723D7D7F-AF91-4E48-8460-B1F9E3898B9E}.Release|Any CPU.Build.0 = Release|Any CPU
		{723D7D7F-AF91-4E48-8460-B1F9E3898B9E}.Release|x64.ActiveCfg = Release|Any CPU
		{723D7D7F-AF91-4E48-8460-B1F9E3898B9E}.Release|x64.Build.0 = Release|Any CPU
		{723D7D7F-AF91-4E48-8460-B1F9E3898B9E}.Release|x86.ActiveCfg = Release|Any CPU
		{723D7D7F-AF91-4E48-8460-B1F9E3898B9E}.Release|x86.Build.0 = Release|Any CPU
		{24754C05-3D4C-4532-92F4-C5D9EC16FE75}.Debug|Any CPU.ActiveCfg = Debug|Any CPU
		{24754C05-3D4C-4532-92F4-C5D9EC16FE75}.Debug|Any CPU.Build.0 = Debug|Any CPU
		{24754C05-3D4C-4532-92F4-C5D9EC16FE75}.Debug|x64.ActiveCfg = Debug|Any CPU
		{24754C05-3D4C-4532-92F4-C5D9EC16FE75}.Debug|x64.Build.0 = Debug|Any CPU
		{24754C05-3D4C-4532-92F4-C5D9EC16FE75}.Debug|x86.ActiveCfg = Debug|Any CPU
		{24754C05-3D4C-4532-92F4-C5D9EC16FE75}.Debug|x86.Build.0 = Debug|Any CPU
		{24754C05-3D4C-4532-92F4-C5D9EC16FE75}.Release|Any CPU.ActiveCfg = Release|Any CPU
		{24754C05-3D4C-4532-92F4-C5D9EC16FE75}.Release|Any CPU.Build.0 = Release|Any CPU
		{24754C05-3D4C-4532-92F4-C5D9EC16FE75}.Release|x64.ActiveCfg = Release|Any CPU
		{24754C05-3D4C-4532-92F4-C5D9EC16FE75}.Release|x64.Build.0 = Release|Any CPU
		{24754C05-3D4C-4532-92F4-C5D9EC16FE75}.Release|x86.ActiveCfg = Release|Any CPU
		{24754C05-3D4C-4532-92F4-C5D9EC16FE75}.Release|x86.Build.0 = Release|Any CPU
		{30344B18-0428-45C8-86A2-135CBE068171}.Debug|Any CPU.ActiveCfg = Debug|Any CPU
		{30344B18-0428-45C8-86A2-135CBE068171}.Debug|Any CPU.Build.0 = Debug|Any CPU
		{30344B18-0428-45C8-86A2-135CBE068171}.Debug|x64.ActiveCfg = Debug|Any CPU
		{30344B18-0428-45C8-86A2-135CBE068171}.Debug|x64.Build.0 = Debug|Any CPU
		{30344B18-0428-45C8-86A2-135CBE068171}.Debug|x86.ActiveCfg = Debug|Any CPU
		{30344B18-0428-45C8-86A2-135CBE068171}.Debug|x86.Build.0 = Debug|Any CPU
		{30344B18-0428-45C8-86A2-135CBE068171}.Release|Any CPU.ActiveCfg = Release|Any CPU
		{30344B18-0428-45C8-86A2-135CBE068171}.Release|Any CPU.Build.0 = Release|Any CPU
		{30344B18-0428-45C8-86A2-135CBE068171}.Release|x64.ActiveCfg = Release|Any CPU
		{30344B18-0428-45C8-86A2-135CBE068171}.Release|x64.Build.0 = Release|Any CPU
		{30344B18-0428-45C8-86A2-135CBE068171}.Release|x86.ActiveCfg = Release|Any CPU
		{30344B18-0428-45C8-86A2-135CBE068171}.Release|x86.Build.0 = Release|Any CPU
	EndGlobalSection
	GlobalSection(SolutionProperties) = preSolution
		HideSolutionNode = FALSE
	EndGlobalSection
	GlobalSection(NestedProjects) = preSolution
		{DA812337-4C6E-4EC8-8CB7-C443B09B8433} = {827E0CD3-B72D-47B6-A68D-7590B98EB39B}
		{F523B7F9-7858-41D6-896C-F5BDED8646E1} = {827E0CD3-B72D-47B6-A68D-7590B98EB39B}
		{76D67ED7-F942-09D1-EB9C-5DD1CD93BD2D} = {827E0CD3-B72D-47B6-A68D-7590B98EB39B}
		{8AB73778-46CD-41E5-85C1-18A78C09DBF4} = {76D67ED7-F942-09D1-EB9C-5DD1CD93BD2D}
		{C8204DF7-6F5E-6A9D-18D8-728306621A17} = {827E0CD3-B72D-47B6-A68D-7590B98EB39B}
		{723D7D7F-AF91-4E48-8460-B1F9E3898B9E} = {C8204DF7-6F5E-6A9D-18D8-728306621A17}
		{24754C05-3D4C-4532-92F4-C5D9EC16FE75} = {76D67ED7-F942-09D1-EB9C-5DD1CD93BD2D}
		{30344B18-0428-45C8-86A2-135CBE068171} = {827E0CD3-B72D-47B6-A68D-7590B98EB39B}
	EndGlobalSection
EndGlobal
